
Microsoft Visual Studio Solution File, Format Version 12.00
# Visual Studio Version 16
VisualStudioVersion = 16.0.30011.22
MinimumVisualStudioVersion = 10.0.40219.1
Project("{FAE04EC0-301F-11D3-BF4B-00C04F79EFBC}") = "MyShop.Core", "MyShop.Core\MyShop.Core.csproj", "{C8848E5E-0F4E-4E89-B1BA-6017BDCE4746}"
EndProject
Project("{FAE04EC0-301F-11D3-BF4B-00C04F79EFBC}") = "MyShop.Services", "MyShop.Services\MyShop.Services.csproj", "{1C73860C-F15B-491E-B154-80D4561E9AC0}"
EndProject
Project("{FAE04EC0-301F-11D3-BF4B-00C04F79EFBC}") = "MyShop.DataAccess.SQL", "MyShop.DataAccess.SQL\MyShop.DataAccess.SQL.csproj", "{FD5AC9BB-F98A-4001-AF84-57001E010B82}"
EndProject
Project("{FAE04EC0-301F-11D3-BF4B-00C04F79EFBC}") = "MyShop.DataAccess.InMemory", "MyShop.DataAccess.InMemory\MyShop.DataAccess.InMemory.csproj", "{9F38C359-04CC-4217-A050-495289CA3976}"
EndProject
Project("{FAE04EC0-301F-11D3-BF4B-00C04F79EFBC}") = "MyShop.WebUI", "MyShop.WebUI\MyShop.WebUI.csproj", "{AD22C35D-056D-48E5-A45F-42B15B861E5D}"
EndProject
Project("{FAE04EC0-301F-11D3-BF4B-00C04F79EFBC}") = "MyShop.WebUI.Tests", "MyShop.WebUI.Tests\MyShop.WebUI.Tests.csproj", "{7C3FF231-A146-48AF-B46E-9F20A5125482}"
EndProject
Global
	GlobalSection(SolutionConfigurationPlatforms) = preSolution
		Debug|Any CPU = Debug|Any CPU
		Release|Any CPU = Release|Any CPU
	EndGlobalSection
	GlobalSection(ProjectConfigurationPlatforms) = postSolution
		{C8848E5E-0F4E-4E89-B1BA-6017BDCE4746}.Debug|Any CPU.ActiveCfg = Debug|Any CPU
		{C8848E5E-0F4E-4E89-B1BA-6017BDCE4746}.Debug|Any CPU.Build.0 = Debug|Any CPU
		{C8848E5E-0F4E-4E89-B1BA-6017BDCE4746}.Release|Any CPU.ActiveCfg = Release|Any CPU
		{C8848E5E-0F4E-4E89-B1BA-6017BDCE4746}.Release|Any CPU.Build.0 = Release|Any CPU
		{1C73860C-F15B-491E-B154-80D4561E9AC0}.Debug|Any CPU.ActiveCfg = Debug|Any CPU
		{1C73860C-F15B-491E-B154-80D4561E9AC0}.Debug|Any CPU.Build.0 = Debug|Any CPU
		{1C73860C-F15B-491E-B154-80D4561E9AC0}.Release|Any CPU.ActiveCfg = Release|Any CPU
		{1C73860C-F15B-491E-B154-80D4561E9AC0}.Release|Any CPU.Build.0 = Release|Any CPU
		{FD5AC9BB-F98A-4001-AF84-57001E010B82}.Debug|Any CPU.ActiveCfg = Debug|Any CPU
		{FD5AC9BB-F98A-4001-AF84-57001E010B82}.Debug|Any CPU.Build.0 = Debug|Any CPU
		{FD5AC9BB-F98A-4001-AF84-57001E010B82}.Release|Any CPU.ActiveCfg = Release|Any CPU
		{FD5AC9BB-F98A-4001-AF84-57001E010B82}.Release|Any CPU.Build.0 = Release|Any CPU
		{9F38C359-04CC-4217-A050-495289CA3976}.Debug|Any CPU.ActiveCfg = Debug|Any CPU
		{9F38C359-04CC-4217-A050-495289CA3976}.Debug|Any CPU.Build.0 = Debug|Any CPU
		{9F38C359-04CC-4217-A050-495289CA3976}.Release|Any CPU.ActiveCfg = Release|Any CPU
		{9F38C359-04CC-4217-A050-495289CA3976}.Release|Any CPU.Build.0 = Release|Any CPU
		{AD22C35D-056D-48E5-A45F-42B15B861E5D}.Debug|Any CPU.ActiveCfg = Debug|Any CPU
		{AD22C35D-056D-48E5-A45F-42B15B861E5D}.Debug|Any CPU.Build.0 = Debug|Any CPU
		{AD22C35D-056D-48E5-A45F-42B15B861E5D}.Release|Any CPU.ActiveCfg = Release|Any CPU
		{AD22C35D-056D-48E5-A45F-42B15B861E5D}.Release|Any CPU.Build.0 = Release|Any CPU
		{7C3FF231-A146-48AF-B46E-9F20A5125482}.Debug|Any CPU.ActiveCfg = Debug|Any CPU
		{7C3FF231-A146-48AF-B46E-9F20A5125482}.Debug|Any CPU.Build.0 = Debug|Any CPU
		{7C3FF231-A146-48AF-B46E-9F20A5125482}.Release|Any CPU.ActiveCfg = Release|Any CPU
		{7C3FF231-A146-48AF-B46E-9F20A5125482}.Release|Any CPU.Build.0 = Release|Any CPU
	EndGlobalSection
	GlobalSection(SolutionProperties) = preSolution
		HideSolutionNode = FALSE
	EndGlobalSection
	GlobalSection(ExtensibilityGlobals) = postSolution
		SolutionGuid = {96101335-6AC7-47A4-8011-27A9038EC79A}
	EndGlobalSection
EndGlobal
